// !$*UTF8*$!
{
	archiveVersion = 1;
	classes = {
	};
	objectVersion = 56;
	objects = {

/* Begin PBXBuildFile section */
		F10152312AE6761900451E61 /* AlertManager.swift in Sources */ = {isa = PBXBuildFile; fileRef = F10152302AE6761900451E61 /* AlertManager.swift */; };
		F199FF992AE678900002D4DB /* Assets.xcassets in Resources */ = {isa = PBXBuildFile; fileRef = F199FF982AE678900002D4DB /* Assets.xcassets */; };
		F1F537C02AE625B600D7FB65 /* AppDelegate.swift in Sources */ = {isa = PBXBuildFile; fileRef = F1F537BF2AE625B600D7FB65 /* AppDelegate.swift */; };
		F1F537C22AE625B600D7FB65 /* SceneDelegate.swift in Sources */ = {isa = PBXBuildFile; fileRef = F1F537C12AE625B600D7FB65 /* SceneDelegate.swift */; };
		F1F537C42AE625B600D7FB65 /* TodoList.swift in Sources */ = {isa = PBXBuildFile; fileRef = F1F537C32AE625B600D7FB65 /* TodoList.swift */; };
		F1F537C72AE625B600D7FB65 /* Main.storyboard in Resources */ = {isa = PBXBuildFile; fileRef = F1F537C52AE625B600D7FB65 /* Main.storyboard */; };
		F1F537CC2AE625BA00D7FB65 /* LaunchScreen.storyboard in Resources */ = {isa = PBXBuildFile; fileRef = F1F537CA2AE625BA00D7FB65 /* LaunchScreen.storyboard */; };
		F1F537D62AE6284B00D7FB65 /* Cell.swift in Sources */ = {isa = PBXBuildFile; fileRef = F1F537D42AE6284B00D7FB65 /* Cell.swift */; };
		F1F537D72AE6284B00D7FB65 /* Cell.xib in Resources */ = {isa = PBXBuildFile; fileRef = F1F537D52AE6284B00D7FB65 /* Cell.xib */; };
		F1F537DE2AE62C2800D7FB65 /* AddTodo.swift in Sources */ = {isa = PBXBuildFile; fileRef = F1F537DD2AE62C2800D7FB65 /* AddTodo.swift */; };
		F1F537E02AE62D2500D7FB65 /* Task.swift in Sources */ = {isa = PBXBuildFile; fileRef = F1F537DF2AE62D2500D7FB65 /* Task.swift */; };
/* End PBXBuildFile section */

/* Begin PBXFileReference section */
		F10152302AE6761900451E61 /* AlertManager.swift */ = {isa = PBXFileReference; lastKnownFileType = sourcecode.swift; path = AlertManager.swift; sourceTree = "<group>"; };
		F199FF982AE678900002D4DB /* Assets.xcassets */ = {isa = PBXFileReference; lastKnownFileType = folder.assetcatalog; path = Assets.xcassets; sourceTree = "<group>"; };
		F1F537BC2AE625B600D7FB65 /* Notification.app */ = {isa = PBXFileReference; explicitFileType = wrapper.application; includeInIndex = 0; path = Notification.app; sourceTree = BUILT_PRODUCTS_DIR; };
		F1F537BF2AE625B600D7FB65 /* AppDelegate.swift */ = {isa = PBXFileReference; lastKnownFileType = sourcecode.swift; path = AppDelegate.swift; sourceTree = "<group>"; };
		F1F537C12AE625B600D7FB65 /* SceneDelegate.swift */ = {isa = PBXFileReference; lastKnownFileType = sourcecode.swift; path = SceneDelegate.swift; sourceTree = "<group>"; };
		F1F537C32AE625B600D7FB65 /* TodoList.swift */ = {isa = PBXFileReference; lastKnownFileType = sourcecode.swift; path = TodoList.swift; sourceTree = "<group>"; };
		F1F537C62AE625B600D7FB65 /* Base */ = {isa = PBXFileReference; lastKnownFileType = file.storyboard; name = Base; path = Base.lproj/Main.storyboard; sourceTree = "<group>"; };
		F1F537CB2AE625BA00D7FB65 /* Base */ = {isa = PBXFileReference; lastKnownFileType = file.storyboard; name = Base; path = Base.lproj/LaunchScreen.storyboard; sourceTree = "<group>"; };
		F1F537CD2AE625BA00D7FB65 /* Info.plist */ = {isa = PBXFileReference; lastKnownFileType = text.plist.xml; path = Info.plist; sourceTree = "<group>"; };
		F1F537D42AE6284B00D7FB65 /* Cell.swift */ = {isa = PBXFileReference; lastKnownFileType = sourcecode.swift; path = Cell.swift; sourceTree = "<group>"; };
		F1F537D52AE6284B00D7FB65 /* Cell.xib */ = {isa = PBXFileReference; lastKnownFileType = file.xib; path = Cell.xib; sourceTree = "<group>"; };
		F1F537DD2AE62C2800D7FB65 /* AddTodo.swift */ = {isa = PBXFileReference; lastKnownFileType = sourcecode.swift; path = AddTodo.swift; sourceTree = "<group>"; };
		F1F537DF2AE62D2500D7FB65 /* Task.swift */ = {isa = PBXFileReference; lastKnownFileType = sourcecode.swift; path = Task.swift; sourceTree = "<group>"; };
/* End PBXFileReference section */

/* Begin PBXFrameworksBuildPhase section */
		F1F537B92AE625B600D7FB65 /* Frameworks */ = {
			isa = PBXFrameworksBuildPhase;
			buildActionMask = 2147483647;
			files = (
			);
			runOnlyForDeploymentPostprocessing = 0;
		};
/* End PBXFrameworksBuildPhase section */

/* Begin PBXGroup section */
		F101522F2AE6760400451E61 /* AlertManager */ = {
			isa = PBXGroup;
			children = (
				F10152302AE6761900451E61 /* AlertManager.swift */,
			);
			path = AlertManager;
			sourceTree = "<group>";
		};
		F1F537B32AE625B600D7FB65 = {
			isa = PBXGroup;
			children = (
				F1F537BE2AE625B600D7FB65 /* Notification */,
				F1F537BD2AE625B600D7FB65 /* Products */,
			);
			sourceTree = "<group>";
		};
		F1F537BD2AE625B600D7FB65 /* Products */ = {
			isa = PBXGroup;
			children = (
				F1F537BC2AE625B600D7FB65 /* Notification.app */,
			);
			name = Products;
			sourceTree = "<group>";
		};
		F1F537BE2AE625B600D7FB65 /* Notification */ = {
			isa = PBXGroup;
			children = (
				F101522F2AE6760400451E61 /* AlertManager */,
				F1F537D82AE6291400D7FB65 /* Model */,
				F1F537D32AE6282500D7FB65 /* Cell */,
				F1F537BF2AE625B600D7FB65 /* AppDelegate.swift */,
				F1F537C12AE625B600D7FB65 /* SceneDelegate.swift */,
				F1F537C32AE625B600D7FB65 /* TodoList.swift */,
				F1F537DD2AE62C2800D7FB65 /* AddTodo.swift */,
				F1F537C52AE625B600D7FB65 /* Main.storyboard */,
				F1F537CA2AE625BA00D7FB65 /* LaunchScreen.storyboard */,
				F1F537CD2AE625BA00D7FB65 /* Info.plist */,
				F199FF982AE678900002D4DB /* Assets.xcassets */,
			);
			path = Notification;
			sourceTree = "<group>";
		};
		F1F537D32AE6282500D7FB65 /* Cell */ = {
			isa = PBXGroup;
			children = (
				F1F537D42AE6284B00D7FB65 /* Cell.swift */,
				F1F537D52AE6284B00D7FB65 /* Cell.xib */,
			);
			path = Cell;
			sourceTree = "<group>";
		};
		F1F537D82AE6291400D7FB65 /* Model */ = {
			isa = PBXGroup;
			children = (
				F1F537DF2AE62D2500D7FB65 /* Task.swift */,
			);
			path = Model;
			sourceTree = "<group>";
		};
/* End PBXGroup section */

/* Begin PBXNativeTarget section */
		F1F537BB2AE625B600D7FB65 /* Notification */ = {
			isa = PBXNativeTarget;
			buildConfigurationList = F1F537D02AE625BA00D7FB65 /* Build configuration list for PBXNativeTarget "Notification" */;
			buildPhases = (
				F1F537B82AE625B600D7FB65 /* Sources */,
				F1F537B92AE625B600D7FB65 /* Frameworks */,
				F1F537BA2AE625B600D7FB65 /* Resources */,
			);
			buildRules = (
			);
			dependencies = (
			);
			name = Notification;
			productName = Notification;
			productReference = F1F537BC2AE625B600D7FB65 /* Notification.app */;
			productType = "com.apple.product-type.application";
		};
/* End PBXNativeTarget section */

/* Begin PBXProject section */
		F1F537B42AE625B600D7FB65 /* Project object */ = {
			isa = PBXProject;
			attributes = {
				BuildIndependentTargetsInParallel = 1;
				LastSwiftUpdateCheck = 1420;
				LastUpgradeCheck = 1420;
				TargetAttributes = {
					F1F537BB2AE625B600D7FB65 = {
						CreatedOnToolsVersion = 14.2;
					};
				};
			};
			buildConfigurationList = F1F537B72AE625B600D7FB65 /* Build configuration list for PBXProject "Notification" */;
			compatibilityVersion = "Xcode 14.0";
			developmentRegion = en;
			hasScannedForEncodings = 0;
			knownRegions = (
				en,
				Base,
			);
			mainGroup = F1F537B32AE625B600D7FB65;
			productRefGroup = F1F537BD2AE625B600D7FB65 /* Products */;
			projectDirPath = "";
			projectRoot = "";
			targets = (
				F1F537BB2AE625B600D7FB65 /* Notification */,
			);
		};
/* End PBXProject section */

/* Begin PBXResourcesBuildPhase section */
		F1F537BA2AE625B600D7FB65 /* Resources */ = {
			isa = PBXResourcesBuildPhase;
			buildActionMask = 2147483647;
			files = (
				F1F537CC2AE625BA00D7FB65 /* LaunchScreen.storyboard in Resources */,
				F1F537D72AE6284B00D7FB65 /* Cell.xib in Resources */,
				F199FF992AE678900002D4DB /* Assets.xcassets in Resources */,
				F1F537C72AE625B600D7FB65 /* Main.storyboard in Resources */,
			);
			runOnlyForDeploymentPostprocessing = 0;
		};
/* End PBXResourcesBuildPhase section */

/* Begin PBXSourcesBuildPhase section */
		F1F537B82AE625B600D7FB65 /* Sources */ = {
			isa = PBXSourcesBuildPhase;
			buildActionMask = 2147483647;
			files = (
				F1F537C42AE625B600D7FB65 /* TodoList.swift in Sources */,
				F1F537D62AE6284B00D7FB65 /* Cell.swift in Sources */,
				F1F537C02AE625B600D7FB65 /* AppDelegate.swift in Sources */,
				F1F537DE2AE62C2800D7FB65 /* AddTodo.swift in Sources */,
				F1F537E02AE62D2500D7FB65 /* Task.swift in Sources */,
				F10152312AE6761900451E61 /* AlertManager.swift in Sources */,
				F1F537C22AE625B600D7FB65 /* SceneDelegate.swift in Sources */,
			);
			runOnlyForDeploymentPostprocessing = 0;
		};
/* End PBXSourcesBuildPhase section */

/* Begin PBXVariantGroup section */
		F1F537C52AE625B600D7FB65 /* Main.storyboard */ = {
			isa = PBXVariantGroup;
			children = (
				F1F537C62AE625B600D7FB65 /* Base */,
			);
			name = Main.storyboard;
			sourceTree = "<group>";
		};
		F1F537CA2AE625BA00D7FB65 /* LaunchScreen.storyboard */ = {
			isa = PBXVariantGroup;
			children = (
				F1F537CB2AE625BA00D7FB65 /* Base */,
			);
			name = LaunchScreen.storyboard;
			sourceTree = "<group>";
		};
/* End PBXVariantGroup section */

/* Begin XCBuildConfiguration section */
		F1F537CE2AE625BA00D7FB65 /* Debug */ = {
			isa = XCBuildConfiguration;
			buildSettings = {
				ALWAYS_SEARCH_USER_PATHS = NO;
				CLANG_ANALYZER_NONNULL = YES;
				CLANG_ANALYZER_NUMBER_OBJECT_CONVERSION = YES_AGGRESSIVE;
				CLANG_CXX_LANGUAGE_STANDARD = "gnu++20";
				CLANG_ENABLE_MODULES = YES;
				CLANG_ENABLE_OBJC_ARC = YES;
				CLANG_ENABLE_OBJC_WEAK = YES;
				CLANG_WARN_BLOCK_CAPTURE_AUTORELEASING = YES;
				CLANG_WARN_BOOL_CONVERSION = YES;
				CLANG_WARN_COMMA = YES;
				CLANG_WARN_CONSTANT_CONVERSION = YES;
				CLANG_WARN_DEPRECATED_OBJC_IMPLEMENTATIONS = YES;
				CLANG_WARN_DIRECT_OBJC_ISA_USAGE = YES_ERROR;
				CLANG_WARN_DOCUMENTATION_COMMENTS = YES;
				CLANG_WARN_EMPTY_BODY = YES;
				CLANG_WARN_ENUM_CONVERSION = YES;
				CLANG_WARN_INFINITE_RECURSION = YES;
				CLANG_WARN_INT_CONVERSION = YES;
				CLANG_WARN_NON_LITERAL_NULL_CONVERSION = YES;
				CLANG_WARN_OBJC_IMPLICIT_RETAIN_SELF = YES;
				CLANG_WARN_OBJC_LITERAL_CONVERSION = YES;
				CLANG_WARN_OBJC_ROOT_CLASS = YES_ERROR;
				CLANG_WARN_QUOTED_INCLUDE_IN_FRAMEWORK_HEADER = YES;
				CLANG_WARN_RANGE_LOOP_ANALYSIS = YES;
				CLANG_WARN_STRICT_PROTOTYPES = YES;
				CLANG_WARN_SUSPICIOUS_MOVE = YES;
				CLANG_WARN_UNGUARDED_AVAILABILITY = YES_AGGRESSIVE;
				CLANG_WARN_UNREACHABLE_CODE = YES;
				CLANG_WARN__DUPLICATE_METHOD_MATCH = YES;
				COPY_PHASE_STRIP = NO;
				DEBUG_INFORMATION_FORMAT = dwarf;
				ENABLE_STRICT_OBJC_MSGSEND = YES;
				ENABLE_TESTABILITY = YES;
				GCC_C_LANGUAGE_STANDARD = gnu11;
				GCC_DYNAMIC_NO_PIC = NO;
				GCC_NO_COMMON_BLOCKS = YES;
				GCC_OPTIMIZATION_LEVEL = 0;
				GCC_PREPROCESSOR_DEFINITIONS = (
					"DEBUG=1",
					"$(inherited)",
				);
				GCC_WARN_64_TO_32_BIT_CONVERSION = YES;
				GCC_WARN_ABOUT_RETURN_TYPE = YES_ERROR;
				GCC_WARN_UNDECLARED_SELECTOR = YES;
				GCC_WARN_UNINITIALIZED_AUTOS = YES_AGGRESSIVE;
				GCC_WARN_UNUSED_FUNCTION = YES;
				GCC_WARN_UNUSED_VARIABLE = YES;
				IPHONEOS_DEPLOYMENT_TARGET = 16.2;
				MTL_ENABLE_DEBUG_INFO = INCLUDE_SOURCE;
				MTL_FAST_MATH = YES;
				ONLY_ACTIVE_ARCH = YES;
				SDKROOT = iphoneos;
				SWIFT_ACTIVE_COMPILATION_CONDITIONS = DEBUG;
				SWIFT_OPTIMIZATION_LEVEL = "-Onone";
			};
			name = Debug;
		};
		F1F537CF2AE625BA00D7FB65 /* Release */ = {
			isa = XCBuildConfiguration;
			buildSettings = {
				ALWAYS_SEARCH_USER_PATHS = NO;
				CLANG_ANALYZER_NONNULL = YES;
				CLANG_ANALYZER_NUMBER_OBJECT_CONVERSION = YES_AGGRESSIVE;
				CLANG_CXX_LANGUAGE_STANDARD = "gnu++20";
				CLANG_ENABLE_MODULES = YES;
				CLANG_ENABLE_OBJC_ARC = YES;
				CLANG_ENABLE_OBJC_WEAK = YES;
				CLANG_WARN_BLOCK_CAPTURE_AUTORELEASING = YES;
				CLANG_WARN_BOOL_CONVERSION = YES;
				CLANG_WARN_COMMA = YES;
				CLANG_WARN_CONSTANT_CONVERSION = YES;
				CLANG_WARN_DEPRECATED_OBJC_IMPLEMENTATIONS = YES;
				CLANG_WARN_DIRECT_OBJC_ISA_USAGE = YES_ERROR;
				CLANG_WARN_DOCUMENTATION_COMMENTS = YES;
				CLANG_WARN_EMPTY_BODY = YES;
				CLANG_WARN_ENUM_CONVERSION = YES;
				CLANG_WARN_INFINITE_RECURSION = YES;
				CLANG_WARN_INT_CONVERSION = YES;
				CLANG_WARN_NON_LITERAL_NULL_CONVERSION = YES;
				CLANG_WARN_OBJC_IMPLICIT_RETAIN_SELF = YES;
				CLANG_WARN_OBJC_LITERAL_CONVERSION = YES;
				CLANG_WARN_OBJC_ROOT_CLASS = YES_ERROR;
				CLANG_WARN_QUOTED_INCLUDE_IN_FRAMEWORK_HEADER = YES;
				CLANG_WARN_RANGE_LOOP_ANALYSIS = YES;
				CLANG_WARN_STRICT_PROTOTYPES = YES;
				CLANG_WARN_SUSPICIOUS_MOVE = YES;
				CLANG_WARN_UNGUARDED_AVAILABILITY = YES_AGGRESSIVE;
				CLANG_WARN_UNREACHABLE_CODE = YES;
				CLANG_WARN__DUPLICATE_METHOD_MATCH = YES;
				COPY_PHASE_STRIP = NO;
				DEBUG_INFORMATION_FORMAT = "dwarf-with-dsym";
				ENABLE_NS_ASSERTIONS = NO;
				ENABLE_STRICT_OBJC_MSGSEND = YES;
				GCC_C_LANGUAGE_STANDARD = gnu11;
				GCC_NO_COMMON_BLOCKS = YES;
				GCC_WARN_64_TO_32_BIT_CONVERSION = YES;
				GCC_WARN_ABOUT_RETURN_TYPE = YES_ERROR;
				GCC_WARN_UNDECLARED_SELECTOR = YES;
				GCC_WARN_UNINITIALIZED_AUTOS = YES_AGGRESSIVE;
				GCC_WARN_UNUSED_FUNCTION = YES;
				GCC_WARN_UNUSED_VARIABLE = YES;
				IPHONEOS_DEPLOYMENT_TARGET = 16.2;
				MTL_ENABLE_DEBUG_INFO = NO;
				MTL_FAST_MATH = YES;
				SDKROOT = iphoneos;
				SWIFT_COMPILATION_MODE = wholemodule;
				SWIFT_OPTIMIZATION_LEVEL = "-O";
				VALIDATE_PRODUCT = YES;
			};
			name = Release;
		};
		F1F537D12AE625BA00D7FB65 /* Debug */ = {
			isa = XCBuildConfiguration;
			buildSettings = {
				ASSETCATALOG_COMPILER_APPICON_NAME = AppIcon;
				ASSETCATALOG_COMPILER_GLOBAL_ACCENT_COLOR_NAME = AccentColor;
				CODE_SIGN_STYLE = Automatic;
				CURRENT_PROJECT_VERSION = 1;
				GENERATE_INFOPLIST_FILE = YES;
				INFOPLIST_FILE = Notification/Info.plist;
				INFOPLIST_KEY_UIApplicationSupportsIndirectInputEvents = YES;
				INFOPLIST_KEY_UILaunchStoryboardName = LaunchScreen;
				INFOPLIST_KEY_UIMainStoryboardFile = Main;
				INFOPLIST_KEY_UISupportedInterfaceOrientations_iPad = "UIInterfaceOrientationPortrait UIInterfaceOrientationPortraitUpsideDown UIInterfaceOrientationLandscapeLeft UIInterfaceOrientationLandscapeRight";
				INFOPLIST_KEY_UISupportedInterfaceOrientations_iPhone = "UIInterfaceOrientationPortrait UIInterfaceOrientationLandscapeLeft UIInterfaceOrientationLandscapeRight";
				LD_RUNPATH_SEARCH_PATHS = (
					"$(inherited)",
					"@executable_path/Frameworks",
				);
				MARKETING_VERSION = 1.0;
				PRODUCT_BUNDLE_IDENTIFIER = com.projects.Notification;
				PRODUCT_NAME = "$(TARGET_NAME)";
				SWIFT_EMIT_LOC_STRINGS = YES;
				SWIFT_VERSION = 5.0;
				TARGETED_DEVICE_FAMILY = "1,2";
			};
			name = Debug;
		};
		F1F537D22AE625BA00D7FB65 /* Release */ = {
			isa = XCBuildConfiguration;
			buildSettings = {
				ASSETCATALOG_COMPILER_APPICON_NAME = AppIcon;
				ASSETCATALOG_COMPILER_GLOBAL_ACCENT_COLOR_NAME = AccentColor;
				CODE_SIGN_STYLE = Automatic;
				CURRENT_PROJECT_VERSION = 1;
				GENERATE_INFOPLIST_FILE = YES;
				INFOPLIST_FILE = Notification/Info.plist;
				INFOPLIST_KEY_UIApplicationSupportsIndirectInputEvents = YES;
				INFOPLIST_KEY_UILaunchStoryboardName = LaunchScreen;
				INFOPLIST_KEY_UIMainStoryboardFile = Main;
				INFOPLIST_KEY_UISupportedInterfaceOrientations_iPad = "UIInterfaceOrientationPortrait UIInterfaceOrientationPortraitUpsideDown UIInterfaceOrientationLandscapeLeft UIInterfaceOrientationLandscapeRight";
				INFOPLIST_KEY_UISupportedInterfaceOrientations_iPhone = "UIInterfaceOrientationPortrait UIInterfaceOrientationLandscapeLeft UIInterfaceOrientationLandscapeRight";
				LD_RUNPATH_SEARCH_PATHS = (
					"$(inherited)",
					"@executable_path/Frameworks",
				);
				MARKETING_VERSION = 1.0;
				PRODUCT_BUNDLE_IDENTIFIER = com.projects.Notification;
				PRODUCT_NAME = "$(TARGET_NAME)";
				SWIFT_EMIT_LOC_STRINGS = YES;
				SWIFT_VERSION = 5.0;
				TARGETED_DEVICE_FAMILY = "1,2";
			};
			name = Release;
		};
/* End XCBuildConfiguration section */

/* Begin XCConfigurationList section */
		F1F537B72AE625B600D7FB65 /* Build configuration list for PBXProject "Notification" */ = {
			isa = XCConfigurationList;
			buildConfigurations = (
				F1F537CE2AE625BA00D7FB65 /* Debug */,
				F1F537CF2AE625BA00D7FB65 /* Release */,
			);
			defaultConfigurationIsVisible = 0;
			defaultConfigurationName = Release;
		};
		F1F537D02AE625BA00D7FB65 /* Build configuration list for PBXNativeTarget "Notification" */ = {
			isa = XCConfigurationList;
			buildConfigurations = (
				F1F537D12AE625BA00D7FB65 /* Debug */,
				F1F537D22AE625BA00D7FB65 /* Release */,
			);
			defaultConfigurationIsVisible = 0;
			defaultConfigurationName = Release;
		};
/* End XCConfigurationList section */
	};
	rootObject = F1F537B42AE625B600D7FB65 /* Project object */;
}
